// !$*UTF8*$!
{
	archiveVersion = 1;
	classes = {
	};
	objectVersion = 77;
	objects = {

/* Begin PBXContainerItemProxy section */
		ACEBBFC22DDB94D000E1CCE2 /* PBXContainerItemProxy */ = {
			isa = PBXContainerItemProxy;
			containerPortal = ACEBBFA32DDB94CE00E1CCE2 /* Project object */;
			proxyType = 1;
			remoteGlobalIDString = ACEBBFAA2DDB94CE00E1CCE2;
			remoteInfo = Loginpage;
		};
		ACEBBFCC2DDB94D000E1CCE2 /* PBXContainerItemProxy */ = {
			isa = PBXContainerItemProxy;
			containerPortal = ACEBBFA32DDB94CE00E1CCE2 /* Project object */;
			proxyType = 1;
			remoteGlobalIDString = ACEBBFAA2DDB94CE00E1CCE2;
			remoteInfo = Loginpage;
		};
/* End PBXContainerItemProxy section */

/* Begin PBXFileReference section */
		ACEBBFAB2DDB94CE00E1CCE2 /* Loginpage.app */ = {isa = PBXFileReference; explicitFileType = wrapper.application; includeInIndex = 0; path = Loginpage.app; sourceTree = BUILT_PRODUCTS_DIR; };
		ACEBBFC12DDB94D000E1CCE2 /* LoginpageTests.xctest */ = {isa = PBXFileReference; explicitFileType = wrapper.cfbundle; includeInIndex = 0; path = LoginpageTests.xctest; sourceTree = BUILT_PRODUCTS_DIR; };
		ACEBBFCB2DDB94D000E1CCE2 /* LoginpageUITests.xctest */ = {isa = PBXFileReference; explicitFileType = wrapper.cfbundle; includeInIndex = 0; path = LoginpageUITests.xctest; sourceTree = BUILT_PRODUCTS_DIR; };
/* End PBXFileReference section */

/* Begin PBXFileSystemSynchronizedBuildFileExceptionSet section */
		ACEBBFD32DDB94D000E1CCE2 /* Exceptions for "Loginpage" folder in "Loginpage" target */ = {
			isa = PBXFileSystemSynchronizedBuildFileExceptionSet;
			membershipExceptions = (
				Info.plist,
			);
			target = ACEBBFAA2DDB94CE00E1CCE2 /* Loginpage */;
		};
/* End PBXFileSystemSynchronizedBuildFileExceptionSet section */

/* Begin PBXFileSystemSynchronizedRootGroup section */
		ACEBBFAD2DDB94CE00E1CCE2 /* Loginpage */ = {
			isa = PBXFileSystemSynchronizedRootGroup;
			exceptions = (
				ACEBBFD32DDB94D000E1CCE2 /* Exceptions for "Loginpage" folder in "Loginpage" target */,
			);
			path = Loginpage;
			sourceTree = "<group>";
		};
		ACEBBFC42DDB94D000E1CCE2 /* LoginpageTests */ = {
			isa = PBXFileSystemSynchronizedRootGroup;
			path = LoginpageTests;
			sourceTree = "<group>";
		};
		ACEBBFCE2DDB94D000E1CCE2 /* LoginpageUITests */ = {
			isa = PBXFileSystemSynchronizedRootGroup;
			path = LoginpageUITests;
			sourceTree = "<group>";
		};
/* End PBXFileSystemSynchronizedRootGroup section */

/* Begin PBXFrameworksBuildPhase section */
		ACEBBFA82DDB94CE00E1CCE2 /* Frameworks */ = {
			isa = PBXFrameworksBuildPhase;
			buildActionMask = 2147483647;
			files = (
			);
			runOnlyForDeploymentPostprocessing = 0;
		};
		ACEBBFBE2DDB94D000E1CCE2 /* Frameworks */ = {
			isa = PBXFrameworksBuildPhase;
			buildActionMask = 2147483647;
			files = (
			);
			runOnlyForDeploymentPostprocessing = 0;
		};
		ACEBBFC82DDB94D000E1CCE2 /* Frameworks */ = {
			isa = PBXFrameworksBuildPhase;
			buildActionMask = 2147483647;
			files = (
			);
			runOnlyForDeploymentPostprocessing = 0;
		};
/* End PBXFrameworksBuildPhase section */

/* Begin PBXGroup section */
		ACEBBFA22DDB94CE00E1CCE2 = {
			isa = PBXGroup;
			children = (
				ACEBBFAD2DDB94CE00E1CCE2 /* Loginpage */,
				ACEBBFC42DDB94D000E1CCE2 /* LoginpageTests */,
				ACEBBFCE2DDB94D000E1CCE2 /* LoginpageUITests */,
				ACEBBFAC2DDB94CE00E1CCE2 /* Products */,
			);
			sourceTree = "<group>";
		};
		ACEBBFAC2DDB94CE00E1CCE2 /* Products */ = {
			isa = PBXGroup;
			children = (
				ACEBBFAB2DDB94CE00E1CCE2 /* Loginpage.app */,
				ACEBBFC12DDB94D000E1CCE2 /* LoginpageTests.xctest */,
				ACEBBFCB2DDB94D000E1CCE2 /* LoginpageUITests.xctest */,
			);
			name = Products;
			sourceTree = "<group>";
		};
/* End PBXGroup section */

/* Begin PBXNativeTarget section */
		ACEBBFAA2DDB94CE00E1CCE2 /* Loginpage */ = {
			isa = PBXNativeTarget;
			buildConfigurationList = ACEBBFD42DDB94D000E1CCE2 /* Build configuration list for PBXNativeTarget "Loginpage" */;
			buildPhases = (
				ACEBBFA72DDB94CE00E1CCE2 /* Sources */,
				ACEBBFA82DDB94CE00E1CCE2 /* Frameworks */,
				ACEBBFA92DDB94CE00E1CCE2 /* Resources */,
			);
			buildRules = (
			);
			dependencies = (
			);
			fileSystemSynchronizedGroups = (
				ACEBBFAD2DDB94CE00E1CCE2 /* Loginpage */,
			);
			name = Loginpage;
			packageProductDependencies = (
			);
			productName = Loginpage;
			productReference = ACEBBFAB2DDB94CE00E1CCE2 /* Loginpage.app */;
			productType = "com.apple.product-type.application";
		};
		ACEBBFC02DDB94D000E1CCE2 /* LoginpageTests */ = {
			isa = PBXNativeTarget;
			buildConfigurationList = ACEBBFD92DDB94D000E1CCE2 /* Build configuration list for PBXNativeTarget "LoginpageTests" */;
			buildPhases = (
				ACEBBFBD2DDB94D000E1CCE2 /* Sources */,
				ACEBBFBE2DDB94D000E1CCE2 /* Frameworks */,
				ACEBBFBF2DDB94D000E1CCE2 /* Resources */,
			);
			buildRules = (
			);
			dependencies = (
				ACEBBFC32DDB94D000E1CCE2 /* PBXTargetDependency */,
			);
			fileSystemSynchronizedGroups = (
				ACEBBFC42DDB94D000E1CCE2 /* LoginpageTests */,
			);
			name = LoginpageTests;
			packageProductDependencies = (
			);
			productName = LoginpageTests;
			productReference = ACEBBFC12DDB94D000E1CCE2 /* LoginpageTests.xctest */;
			productType = "com.apple.product-type.bundle.unit-test";
		};
		ACEBBFCA2DDB94D000E1CCE2 /* LoginpageUITests */ = {
			isa = PBXNativeTarget;
			buildConfigurationList = ACEBBFDC2DDB94D000E1CCE2 /* Build configuration list for PBXNativeTarget "LoginpageUITests" */;
			buildPhases = (
				ACEBBFC72DDB94D000E1CCE2 /* Sources */,
				ACEBBFC82DDB94D000E1CCE2 /* Frameworks */,
				ACEBBFC92DDB94D000E1CCE2 /* Resources */,
			);
			buildRules = (
			);
			dependencies = (
				ACEBBFCD2DDB94D000E1CCE2 /* PBXTargetDependency */,
			);
			fileSystemSynchronizedGroups = (
				ACEBBFCE2DDB94D000E1CCE2 /* LoginpageUITests */,
			);
			name = LoginpageUITests;
			packageProductDependencies = (
			);
			productName = LoginpageUITests;
			productReference = ACEBBFCB2DDB94D000E1CCE2 /* LoginpageUITests.xctest */;
			productType = "com.apple.product-type.bundle.ui-testing";
		};
/* End PBXNativeTarget section */

/* Begin PBXProject section */
		ACEBBFA32DDB94CE00E1CCE2 /* Project object */ = {
			isa = PBXProject;
			attributes = {
				BuildIndependentTargetsInParallel = 1;
				LastSwiftUpdateCheck = 1630;
				LastUpgradeCheck = 1630;
				TargetAttributes = {
					ACEBBFAA2DDB94CE00E1CCE2 = {
						CreatedOnToolsVersion = 16.3;
					};
					ACEBBFC02DDB94D000E1CCE2 = {
						CreatedOnToolsVersion = 16.3;
						TestTargetID = ACEBBFAA2DDB94CE00E1CCE2;
					};
					ACEBBFCA2DDB94D000E1CCE2 = {
						CreatedOnToolsVersion = 16.3;
						TestTargetID = ACEBBFAA2DDB94CE00E1CCE2;
					};
				};
			};
			buildConfigurationList = ACEBBFA62DDB94CE00E1CCE2 /* Build configuration list for PBXProject "Loginpage" */;
			developmentRegion = en;
			hasScannedForEncodings = 0;
			knownRegions = (
				en,
				Base,
			);
			mainGroup = ACEBBFA22DDB94CE00E1CCE2;
			minimizedProjectReferenceProxies = 1;
			preferredProjectObjectVersion = 77;
			productRefGroup = ACEBBFAC2DDB94CE00E1CCE2 /* Products */;
			projectDirPath = "";
			projectRoot = "";
			targets = (
				ACEBBFAA2DDB94CE00E1CCE2 /* Loginpage */,
				ACEBBFC02DDB94D000E1CCE2 /* LoginpageTests */,
				ACEBBFCA2DDB94D000E1CCE2 /* LoginpageUITests */,
			);
		};
/* End PBXProject section */

/* Begin PBXResourcesBuildPhase section */
		ACEBBFA92DDB94CE00E1CCE2 /* Resources */ = {
			isa = PBXResourcesBuildPhase;
			buildActionMask = 2147483647;
			files = (
			);
			runOnlyForDeploymentPostprocessing = 0;
		};
		ACEBBFBF2DDB94D000E1CCE2 /* Resources */ = {
			isa = PBXResourcesBuildPhase;
			buildActionMask = 2147483647;
			files = (
			);
			runOnlyForDeploymentPostprocessing = 0;
		};
		ACEBBFC92DDB94D000E1CCE2 /* Resources */ = {
			isa = PBXResourcesBuildPhase;
			buildActionMask = 2147483647;
			files = (
			);
			runOnlyForDeploymentPostprocessing = 0;
		};
/* End PBXResourcesBuildPhase section */

/* Begin PBXSourcesBuildPhase section */
		ACEBBFA72DDB94CE00E1CCE2 /* Sources */ = {
			isa = PBXSourcesBuildPhase;
			buildActionMask = 2147483647;
			files = (
			);
			runOnlyForDeploymentPostprocessing = 0;
		};
		ACEBBFBD2DDB94D000E1CCE2 /* Sources */ = {
			isa = PBXSourcesBuildPhase;
			buildActionMask = 2147483647;
			files = (
			);
			runOnlyForDeploymentPostprocessing = 0;
		};
		ACEBBFC72DDB94D000E1CCE2 /* Sources */ = {
			isa = PBXSourcesBuildPhase;
			buildActionMask = 2147483647;
			files = (
			);
			runOnlyForDeploymentPostprocessing = 0;
		};
/* End PBXSourcesBuildPhase section */

/* Begin PBXTargetDependency section */
		ACEBBFC32DDB94D000E1CCE2 /* PBXTargetDependency */ = {
			isa = PBXTargetDependency;
			target = ACEBBFAA2DDB94CE00E1CCE2 /* Loginpage */;
			targetProxy = ACEBBFC22DDB94D000E1CCE2 /* PBXContainerItemProxy */;
		};
		ACEBBFCD2DDB94D000E1CCE2 /* PBXTargetDependency */ = {
			isa = PBXTargetDependency;
			target = ACEBBFAA2DDB94CE00E1CCE2 /* Loginpage */;
			targetProxy = ACEBBFCC2DDB94D000E1CCE2 /* PBXContainerItemProxy */;
		};
/* End PBXTargetDependency section */

/* Begin XCBuildConfiguration section */
		ACEBBFD52DDB94D000E1CCE2 /* Debug */ = {
			isa = XCBuildConfiguration;
			buildSettings = {
				ASSETCATALOG_COMPILER_APPICON_NAME = AppIcon;
				ASSETCATALOG_COMPILER_GLOBAL_ACCENT_COLOR_NAME = AccentColor;
				CODE_SIGN_STYLE = Automatic;
				CURRENT_PROJECT_VERSION = 1;
				DEVELOPMENT_TEAM = CB87KR64WP;
				GENERATE_INFOPLIST_FILE = YES;
				INFOPLIST_FILE = Loginpage/Info.plist;
				INFOPLIST_KEY_UIApplicationSupportsIndirectInputEvents = YES;
				INFOPLIST_KEY_UILaunchStoryboardName = LaunchScreen;
				INFOPLIST_KEY_UIMainStoryboardFile = Main;
				INFOPLIST_KEY_UISupportedInterfaceOrientations_iPad = "UIInterfaceOrientationPortrait UIInterfaceOrientationPortraitUpsideDown UIInterfaceOrientationLandscapeLeft UIInterfaceOrientationLandscapeRight";
				INFOPLIST_KEY_UISupportedInterfaceOrientations_iPhone = "UIInterfaceOrientationPortrait UIInterfaceOrientationLandscapeLeft UIInterfaceOrientationLandscapeRight";
				LD_RUNPATH_SEARCH_PATHS = (
					"$(inherited)",
					"@executable_path/Frameworks",
				);
				MARKETING_VERSION = 1.0;
				PRODUCT_BUNDLE_IDENTIFIER = com.personal.Loginpage;
				PRODUCT_NAME = "$(TARGET_NAME)";
				SWIFT_EMIT_LOC_STRINGS = YES;
				SWIFT_VERSION = 5.0;
				TARGETED_DEVICE_FAMILY = "1,2";
			};
			name = Debug;
		};
		ACEBBFD62DDB94D000E1CCE2 /* Release */ = {
			isa = XCBuildConfiguration;
			buildSettings = {
				ASSETCATALOG_COMPILER_APPICON_NAME = AppIcon;
				ASSETCATALOG_COMPILER_GLOBAL_ACCENT_COLOR_NAME = AccentColor;
				CODE_SIGN_STYLE = Automatic;
				CURRENT_PROJECT_VERSION = 1;
				DEVELOPMENT_TEAM = CB87KR64WP;
				GENERATE_INFOPLIST_FILE = YES;
				INFOPLIST_FILE = Loginpage/Info.plist;
				INFOPLIST_KEY_UIApplicationSupportsIndirectInputEvents = YES;
				INFOPLIST_KEY_UILaunchStoryboardName = LaunchScreen;
				INFOPLIST_KEY_UIMainStoryboardFile = Main;
				INFOPLIST_KEY_UISupportedInterfaceOrientations_iPad = "UIInterfaceOrientationPortrait UIInterfaceOrientationPortraitUpsideDown UIInterfaceOrientationLandscapeLeft UIInterfaceOrientationLandscapeRight";
				INFOPLIST_KEY_UISupportedInterfaceOrientations_iPhone = "UIInterfaceOrientationPortrait UIInterfaceOrientationLandscapeLeft UIInterfaceOrientationLandscapeRight";
				LD_RUNPATH_SEARCH_PATHS = (
					"$(inherited)",
					"@executable_path/Frameworks",
				);
				MARKETING_VERSION = 1.0;
				PRODUCT_BUNDLE_IDENTIFIER = com.personal.Loginpage;
				PRODUCT_NAME = "$(TARGET_NAME)";
				SWIFT_EMIT_LOC_STRINGS = YES;
				SWIFT_VERSION = 5.0;
				TARGETED_DEVICE_FAMILY = "1,2";
			};
			name = Release;
		};
		ACEBBFD72DDB94D000E1CCE2 /* Debug */ = {
			isa = XCBuildConfiguration;
			buildSettings = {
				ALWAYS_SEARCH_USER_PATHS = NO;
				ASSETCATALOG_COMPILER_GENERATE_SWIFT_ASSET_SYMBOL_EXTENSIONS = YES;
				CLANG_ANALYZER_NONNULL = YES;
				CLANG_ANALYZER_NUMBER_OBJECT_CONVERSION = YES_AGGRESSIVE;
				CLANG_CXX_LANGUAGE_STANDARD = "gnu++20";
				CLANG_ENABLE_MODULES = YES;
				CLANG_ENABLE_OBJC_ARC = YES;
				CLANG_ENABLE_OBJC_WEAK = YES;
				CLANG_WARN_BLOCK_CAPTURE_AUTORELEASING = YES;
				CLANG_WARN_BOOL_CONVERSION = YES;
				CLANG_WARN_COMMA = YES;
				CLANG_WARN_CONSTANT_CONVERSION = YES;
				CLANG_WARN_DEPRECATED_OBJC_IMPLEMENTATIONS = YES;
				CLANG_WARN_DIRECT_OBJC_ISA_USAGE = YES_ERROR;
				CLANG_WARN_DOCUMENTATION_COMMENTS = YES;
				CLANG_WARN_EMPTY_BODY = YES;
				CLANG_WARN_ENUM_CONVERSION = YES;
				CLANG_WARN_INFINITE_RECURSION = YES;
				CLANG_WARN_INT_CONVERSION = YES;
				CLANG_WARN_NON_LITERAL_NULL_CONVERSION = YES;
				CLANG_WARN_OBJC_IMPLICIT_RETAIN_SELF = YES;
				CLANG_WARN_OBJC_LITERAL_CONVERSION = YES;
				CLANG_WARN_OBJC_ROOT_CLASS = YES_ERROR;
				CLANG_WARN_QUOTED_INCLUDE_IN_FRAMEWORK_HEADER = YES;
				CLANG_WARN_RANGE_LOOP_ANALYSIS = YES;
				CLANG_WARN_STRICT_PROTOTYPES = YES;
				CLANG_WARN_SUSPICIOUS_MOVE = YES;
				CLANG_WARN_UNGUARDED_AVAILABILITY = YES_AGGRESSIVE;
				CLANG_WARN_UNREACHABLE_CODE = YES;
				CLANG_WARN__DUPLICATE_METHOD_MATCH = YES;
				COPY_PHASE_STRIP = NO;
				DEBUG_INFORMATION_FORMAT = dwarf;
				DEVELOPMENT_TEAM = CB87KR64WP;
				ENABLE_STRICT_OBJC_MSGSEND = YES;
				ENABLE_TESTABILITY = YES;
				ENABLE_USER_SCRIPT_SANDBOXING = YES;
				GCC_C_LANGUAGE_STANDARD = gnu17;
				GCC_DYNAMIC_NO_PIC = NO;
				GCC_NO_COMMON_BLOCKS = YES;
				GCC_OPTIMIZATION_LEVEL = 0;
				GCC_PREPROCESSOR_DEFINITIONS = (
					"DEBUG=1",
					"$(inherited)",
				);
				GCC_WARN_64_TO_32_BIT_CONVERSION = YES;
				GCC_WARN_ABOUT_RETURN_TYPE = YES_ERROR;
				GCC_WARN_UNDECLARED_SELECTOR = YES;
				GCC_WARN_UNINITIALIZED_AUTOS = YES_AGGRESSIVE;
				GCC_WARN_UNUSED_FUNCTION = YES;
				GCC_WARN_UNUSED_VARIABLE = YES;
				IPHONEOS_DEPLOYMENT_TARGET = 18.4;
				LOCALIZATION_PREFERS_STRING_CATALOGS = YES;
				MTL_ENABLE_DEBUG_INFO = INCLUDE_SOURCE;
				MTL_FAST_MATH = YES;
				ONLY_ACTIVE_ARCH = YES;
				SDKROOT = iphoneos;
				SWIFT_ACTIVE_COMPILATION_CONDITIONS = "DEBUG $(inherited)";
				SWIFT_OPTIMIZATION_LEVEL = "-Onone";
			};
			name = Debug;
		};
		ACEBBFD82DDB94D000E1CCE2 /* Release */ = {
			isa = XCBuildConfiguration;
			buildSettings = {
				ALWAYS_SEARCH_USER_PATHS = NO;
				ASSETCATALOG_COMPILER_GENERATE_SWIFT_ASSET_SYMBOL_EXTENSIONS = YES;
				CLANG_ANALYZER_NONNULL = YES;
				CLANG_ANALYZER_NUMBER_OBJECT_CONVERSION = YES_AGGRESSIVE;
				CLANG_CXX_LANGUAGE_STANDARD = "gnu++20";
				CLANG_ENABLE_MODULES = YES;
				CLANG_ENABLE_OBJC_ARC = YES;
				CLANG_ENABLE_OBJC_WEAK = YES;
				CLANG_WARN_BLOCK_CAPTURE_AUTORELEASING = YES;
				CLANG_WARN_BOOL_CONVERSION = YES;
				CLANG_WARN_COMMA = YES;
				CLANG_WARN_CONSTANT_CONVERSION = YES;
				CLANG_WARN_DEPRECATED_OBJC_IMPLEMENTATIONS = YES;
				CLANG_WARN_DIRECT_OBJC_ISA_USAGE = YES_ERROR;
				CLANG_WARN_DOCUMENTATION_COMMENTS = YES;
				CLANG_WARN_EMPTY_BODY = YES;
				CLANG_WARN_ENUM_CONVERSION = YES;
				CLANG_WARN_INFINITE_RECURSION = YES;
				CLANG_WARN_INT_CONVERSION = YES;
				CLANG_WARN_NON_LITERAL_NULL_CONVERSION = YES;
				CLANG_WARN_OBJC_IMPLICIT_RETAIN_SELF = YES;
				CLANG_WARN_OBJC_LITERAL_CONVERSION = YES;
				CLANG_WARN_OBJC_ROOT_CLASS = YES_ERROR;
				CLANG_WARN_QUOTED_INCLUDE_IN_FRAMEWORK_HEADER = YES;
				CLANG_WARN_RANGE_LOOP_ANALYSIS = YES;
				CLANG_WARN_STRICT_PROTOTYPES = YES;
				CLANG_WARN_SUSPICIOUS_MOVE = YES;
				CLANG_WARN_UNGUARDED_AVAILABILITY = YES_AGGRESSIVE;
				CLANG_WARN_UNREACHABLE_CODE = YES;
				CLANG_WARN__DUPLICATE_METHOD_MATCH = YES;
				COPY_PHASE_STRIP = NO;
				DEBUG_INFORMATION_FORMAT = "dwarf-with-dsym";
				DEVELOPMENT_TEAM = CB87KR64WP;
				ENABLE_NS_ASSERTIONS = NO;
				ENABLE_STRICT_OBJC_MSGSEND = YES;
				ENABLE_USER_SCRIPT_SANDBOXING = YES;
				GCC_C_LANGUAGE_STANDARD = gnu17;
				GCC_NO_COMMON_BLOCKS = YES;
				GCC_WARN_64_TO_32_BIT_CONVERSION = YES;
				GCC_WARN_ABOUT_RETURN_TYPE = YES_ERROR;
				GCC_WARN_UNDECLARED_SELECTOR = YES;
				GCC_WARN_UNINITIALIZED_AUTOS = YES_AGGRESSIVE;
				GCC_WARN_UNUSED_FUNCTION = YES;
				GCC_WARN_UNUSED_VARIABLE = YES;
				IPHONEOS_DEPLOYMENT_TARGET = 18.4;
				LOCALIZATION_PREFERS_STRING_CATALOGS = YES;
				MTL_ENABLE_DEBUG_INFO = NO;
				MTL_FAST_MATH = YES;
				SDKROOT = iphoneos;
				SWIFT_COMPILATION_MODE = wholemodule;
				VALIDATE_PRODUCT = YES;
			};
			name = Release;
		};
		ACEBBFDA2DDB94D000E1CCE2 /* Debug */ = {
			isa = XCBuildConfiguration;
			buildSettings = {
				BUNDLE_LOADER = "$(TEST_HOST)";
				CODE_SIGN_STYLE = Automatic;
				CURRENT_PROJECT_VERSION = 1;
				DEVELOPMENT_TEAM = CB87KR64WP;
				GENERATE_INFOPLIST_FILE = YES;
				IPHONEOS_DEPLOYMENT_TARGET = 18.4;
				MARKETING_VERSION = 1.0;
				PRODUCT_BUNDLE_IDENTIFIER = com.personal.LoginpageTests;
				PRODUCT_NAME = "$(TARGET_NAME)";
				SWIFT_EMIT_LOC_STRINGS = NO;
				SWIFT_VERSION = 5.0;
				TARGETED_DEVICE_FAMILY = "1,2";
				TEST_HOST = "$(BUILT_PRODUCTS_DIR)/Loginpage.app/$(BUNDLE_EXECUTABLE_FOLDER_PATH)/Loginpage";
			};
			name = Debug;
		};
		ACEBBFDB2DDB94D000E1CCE2 /* Release */ = {
			isa = XCBuildConfiguration;
			buildSettings = {
				BUNDLE_LOADER = "$(TEST_HOST)";
				CODE_SIGN_STYLE = Automatic;
				CURRENT_PROJECT_VERSION = 1;
				DEVELOPMENT_TEAM = CB87KR64WP;
				GENERATE_INFOPLIST_FILE = YES;
				IPHONEOS_DEPLOYMENT_TARGET = 18.4;
				MARKETING_VERSION = 1.0;
				PRODUCT_BUNDLE_IDENTIFIER = com.personal.LoginpageTests;
				PRODUCT_NAME = "$(TARGET_NAME)";
				SWIFT_EMIT_LOC_STRINGS = NO;
				SWIFT_VERSION = 5.0;
				TARGETED_DEVICE_FAMILY = "1,2";
				TEST_HOST = "$(BUILT_PRODUCTS_DIR)/Loginpage.app/$(BUNDLE_EXECUTABLE_FOLDER_PATH)/Loginpage";
			};
			name = Release;
		};
		ACEBBFDD2DDB94D000E1CCE2 /* Debug */ = {
			isa = XCBuildConfiguration;
			buildSettings = {
				CODE_SIGN_STYLE = Automatic;
				CURRENT_PROJECT_VERSION = 1;
				DEVELOPMENT_TEAM = CB87KR64WP;
				GENERATE_INFOPLIST_FILE = YES;
				MARKETING_VERSION = 1.0;
				PRODUCT_BUNDLE_IDENTIFIER = com.personal.LoginpageUITests;
				PRODUCT_NAME = "$(TARGET_NAME)";
				SWIFT_EMIT_LOC_STRINGS = NO;
				SWIFT_VERSION = 5.0;
				TARGETED_DEVICE_FAMILY = "1,2";
				TEST_TARGET_NAME = Loginpage;
			};
			name = Debug;
		};
		ACEBBFDE2DDB94D000E1CCE2 /* Release */ = {
			isa = XCBuildConfiguration;
			buildSettings = {
				CODE_SIGN_STYLE = Automatic;
				CURRENT_PROJECT_VERSION = 1;
				DEVELOPMENT_TEAM = CB87KR64WP;
				GENERATE_INFOPLIST_FILE = YES;
				MARKETING_VERSION = 1.0;
				PRODUCT_BUNDLE_IDENTIFIER = com.personal.LoginpageUITests;
				PRODUCT_NAME = "$(TARGET_NAME)";
				SWIFT_EMIT_LOC_STRINGS = NO;
				SWIFT_VERSION = 5.0;
				TARGETED_DEVICE_FAMILY = "1,2";
				TEST_TARGET_NAME = Loginpage;
			};
			name = Release;
		};
/* End XCBuildConfiguration section */

/* Begin XCConfigurationList section */
		ACEBBFA62DDB94CE00E1CCE2 /* Build configuration list for PBXProject "Loginpage" */ = {
			isa = XCConfigurationList;
			buildConfigurations = (
				ACEBBFD72DDB94D000E1CCE2 /* Debug */,
				ACEBBFD82DDB94D000E1CCE2 /* Release */,
			);
			defaultConfigurationIsVisible = 0;
			defaultConfigurationName = Release;
		};
		ACEBBFD42DDB94D000E1CCE2 /* Build configuration list for PBXNativeTarget "Loginpage" */ = {
			isa = XCConfigurationList;
			buildConfigurations = (
				ACEBBFD52DDB94D000E1CCE2 /* Debug */,
				ACEBBFD62DDB94D000E1CCE2 /* Release */,
			);
			defaultConfigurationIsVisible = 0;
			defaultConfigurationName = Release;
		};
		ACEBBFD92DDB94D000E1CCE2 /* Build configuration list for PBXNativeTarget "LoginpageTests" */ = {
			isa = XCConfigurationList;
			buildConfigurations = (
				ACEBBFDA2DDB94D000E1CCE2 /* Debug */,
				ACEBBFDB2DDB94D000E1CCE2 /* Release */,
			);
			defaultConfigurationIsVisible = 0;
			defaultConfigurationName = Release;
		};
		ACEBBFDC2DDB94D000E1CCE2 /* Build configuration list for PBXNativeTarget "LoginpageUITests" */ = {
			isa = XCConfigurationList;
			buildConfigurations = (
				ACEBBFDD2DDB94D000E1CCE2 /* Debug */,
				ACEBBFDE2DDB94D000E1CCE2 /* Release */,
			);
			defaultConfigurationIsVisible = 0;
			defaultConfigurationName = Release;
		};
/* End XCConfigurationList section */
	};
	rootObject = ACEBBFA32DDB94CE00E1CCE2 /* Project object */;
}
